
Microsoft Visual Studio Solution File, Format Version 12.00
# Visual Studio Version 16
VisualStudioVersion = 16.0.30413.136
MinimumVisualStudioVersion = 10.0.40219.1
Project("{FAE04EC0-301F-11D3-BF4B-00C04F79EFBC}") = "consoleAPYaz", "consoleAPYaz\consoleAPYaz.csproj", "{A98D4880-7F92-4CB2-BE9E-653B1A1182F6}"
EndProject
Global
	GlobalSection(SolutionConfigurationPlatforms) = preSolution
		Debug|Any CPU = Debug|Any CPU
		Release|Any CPU = Release|Any CPU
	EndGlobalSection
	GlobalSection(ProjectConfigurationPlatforms) = postSolution
		{A98D4880-7F92-4CB2-BE9E-653B1A1182F6}.Debug|Any CPU.ActiveCfg = Debug|Any CPU
		{A98D4880-7F92-4CB2-BE9E-653B1A1182F6}.Debug|Any CPU.Build.0 = Debug|Any CPU
		{A98D4880-7F92-4CB2-BE9E-653B1A1182F6}.Release|Any CPU.ActiveCfg = Release|Any CPU
		{A98D4880-7F92-4CB2-BE9E-653B1A1182F6}.Release|Any CPU.Build.0 = Release|Any CPU
	EndGlobalSection
	GlobalSection(SolutionProperties) = preSolution
		HideSolutionNode = FALSE
	EndGlobalSection
	GlobalSection(ExtensibilityGlobals) = postSolution
		SolutionGuid = {5795582B-A94C-4AD3-87A7-C3EB948515F6}
	EndGlobalSection
EndGlobal
